
Microsoft Visual Studio Solution File, Format Version 12.00
# Visual Studio 14
VisualStudioVersion = 14.0.25420.1
MinimumVisualStudioVersion = 10.0.40219.1
Project("{FAE04EC0-301F-11D3-BF4B-00C04F79EFBC}") = "01. Numbers", "Programming Fundamentals Exam - 12 June 2016\01. Numbers.csproj", "{A6CA621E-3D90-421B-8ADA-D22EBE1AAE92}"
EndProject
Project("{FAE04EC0-301F-11D3-BF4B-00C04F79EFBC}") = "02. Softuni Coffee Orders", "02. Softuni Coffee Orders\02. Softuni Coffee Orders.csproj", "{C90A5B90-95DE-440A-A399-C2A5A68C71C2}"
EndProject
Global
	GlobalSection(SolutionConfigurationPlatforms) = preSolution
		Debug|Any CPU = Debug|Any CPU
		Release|Any CPU = Release|Any CPU
	EndGlobalSection
	GlobalSection(ProjectConfigurationPlatforms) = postSolution
		{A6CA621E-3D90-421B-8ADA-D22EBE1AAE92}.Debug|Any CPU.ActiveCfg = Debug|Any CPU
		{A6CA621E-3D90-421B-8ADA-D22EBE1AAE92}.Debug|Any CPU.Build.0 = Debug|Any CPU
		{A6CA621E-3D90-421B-8ADA-D22EBE1AAE92}.Release|Any CPU.ActiveCfg = Release|Any CPU
		{A6CA621E-3D90-421B-8ADA-D22EBE1AAE92}.Release|Any CPU.Build.0 = Release|Any CPU
		{C90A5B90-95DE-440A-A399-C2A5A68C71C2}.Debug|Any CPU.ActiveCfg = Debug|Any CPU
		{C90A5B90-95DE-440A-A399-C2A5A68C71C2}.Debug|Any CPU.Build.0 = Debug|Any CPU
		{C90A5B90-95DE-440A-A399-C2A5A68C71C2}.Release|Any CPU.ActiveCfg = Release|Any CPU
		{C90A5B90-95DE-440A-A399-C2A5A68C71C2}.Release|Any CPU.Build.0 = Release|Any CPU
	EndGlobalSection
	GlobalSection(SolutionProperties) = preSolution
		HideSolutionNode = FALSE
	EndGlobalSection
EndGlobal
